// !$*UTF8*$!
{
	archiveVersion = 1;
	classes = {
	};
	objectVersion = 56;
	objects = {

/* Begin PBXBuildFile section */
		607FC7502D6AACF60009C0E0 /* NewsApp_iOSApp.swift in Sources */ = {isa = PBXBuildFile; fileRef = 607FC74F2D6AACF60009C0E0 /* NewsApp_iOSApp.swift */; };
		607FC7522D6AACF60009C0E0 /* ContentView.swift in Sources */ = {isa = PBXBuildFile; fileRef = 607FC7512D6AACF60009C0E0 /* ContentView.swift */; };
		607FC7542D6AACF70009C0E0 /* Assets.xcassets in Resources */ = {isa = PBXBuildFile; fileRef = 607FC7532D6AACF70009C0E0 /* Assets.xcassets */; };
		607FC7572D6AACF70009C0E0 /* Preview Assets.xcassets in Resources */ = {isa = PBXBuildFile; fileRef = 607FC7562D6AACF70009C0E0 /* Preview Assets.xcassets */; };
		607FC7612D6AACF70009C0E0 /* NewsApp_iOSTests.swift in Sources */ = {isa = PBXBuildFile; fileRef = 607FC7602D6AACF70009C0E0 /* NewsApp_iOSTests.swift */; };
		607FC76B2D6AACF70009C0E0 /* NewsApp_iOSUITests.swift in Sources */ = {isa = PBXBuildFile; fileRef = 607FC76A2D6AACF70009C0E0 /* NewsApp_iOSUITests.swift */; };
		607FC76D2D6AACF70009C0E0 /* NewsApp_iOSUITestsLaunchTests.swift in Sources */ = {isa = PBXBuildFile; fileRef = 607FC76C2D6AACF70009C0E0 /* NewsApp_iOSUITestsLaunchTests.swift */; };
		607FC77F2D6AAF190009C0E0 /* NewsModel.swift in Sources */ = {isa = PBXBuildFile; fileRef = 607FC77E2D6AAF190009C0E0 /* NewsModel.swift */; };
		607FC7802D6AAF190009C0E0 /* NewsModel.swift in Sources */ = {isa = PBXBuildFile; fileRef = 607FC77E2D6AAF190009C0E0 /* NewsModel.swift */; };
		607FC7822D6AAF250009C0E0 /* NewsViewModel.swift in Sources */ = {isa = PBXBuildFile; fileRef = 607FC7812D6AAF250009C0E0 /* NewsViewModel.swift */; };
		607FC7832D6AAF250009C0E0 /* NewsViewModel.swift in Sources */ = {isa = PBXBuildFile; fileRef = 607FC7812D6AAF250009C0E0 /* NewsViewModel.swift */; };
		607FC7852D6AAF320009C0E0 /* NewsCell.swift in Sources */ = {isa = PBXBuildFile; fileRef = 607FC7842D6AAF320009C0E0 /* NewsCell.swift */; };
		607FC7862D6AAF320009C0E0 /* NewsCell.swift in Sources */ = {isa = PBXBuildFile; fileRef = 607FC7842D6AAF320009C0E0 /* NewsCell.swift */; };
		607FC7882D6AAF3D0009C0E0 /* ArticleDetailView.swift in Sources */ = {isa = PBXBuildFile; fileRef = 607FC7872D6AAF3D0009C0E0 /* ArticleDetailView.swift */; };
		607FC7892D6AAF3D0009C0E0 /* ArticleDetailView.swift in Sources */ = {isa = PBXBuildFile; fileRef = 607FC7872D6AAF3D0009C0E0 /* ArticleDetailView.swift */; };
		607FC78B2D6AAF4A0009C0E0 /* NewsService.swift in Sources */ = {isa = PBXBuildFile; fileRef = 607FC78A2D6AAF4A0009C0E0 /* NewsService.swift */; };
		607FC78C2D6AAF4A0009C0E0 /* NewsService.swift in Sources */ = {isa = PBXBuildFile; fileRef = 607FC78A2D6AAF4A0009C0E0 /* NewsService.swift */; };
/* End PBXBuildFile section */

/* Begin PBXContainerItemProxy section */
		607FC75D2D6AACF70009C0E0 /* PBXContainerItemProxy */ = {
			isa = PBXContainerItemProxy;
			containerPortal = 607FC7442D6AACF60009C0E0 /* Project object */;
			proxyType = 1;
			remoteGlobalIDString = 607FC74B2D6AACF60009C0E0;
			remoteInfo = NewsApp_iOS;
		};
		607FC7672D6AACF70009C0E0 /* PBXContainerItemProxy */ = {
			isa = PBXContainerItemProxy;
			containerPortal = 607FC7442D6AACF60009C0E0 /* Project object */;
			proxyType = 1;
			remoteGlobalIDString = 607FC74B2D6AACF60009C0E0;
			remoteInfo = NewsApp_iOS;
		};
/* End PBXContainerItemProxy section */

/* Begin PBXFileReference section */
		607FC74C2D6AACF60009C0E0 /* NewsApp_iOS.app */ = {isa = PBXFileReference; explicitFileType = wrapper.application; includeInIndex = 0; path = NewsApp_iOS.app; sourceTree = BUILT_PRODUCTS_DIR; };
		607FC74F2D6AACF60009C0E0 /* NewsApp_iOSApp.swift */ = {isa = PBXFileReference; lastKnownFileType = sourcecode.swift; path = NewsApp_iOSApp.swift; sourceTree = "<group>"; };
		607FC7512D6AACF60009C0E0 /* ContentView.swift */ = {isa = PBXFileReference; lastKnownFileType = sourcecode.swift; path = ContentView.swift; sourceTree = "<group>"; };
		607FC7532D6AACF70009C0E0 /* Assets.xcassets */ = {isa = PBXFileReference; lastKnownFileType = folder.assetcatalog; path = Assets.xcassets; sourceTree = "<group>"; };
		607FC7562D6AACF70009C0E0 /* Preview Assets.xcassets */ = {isa = PBXFileReference; lastKnownFileType = folder.assetcatalog; path = "Preview Assets.xcassets"; sourceTree = "<group>"; };
		607FC75C2D6AACF70009C0E0 /* NewsApp_iOSTests.xctest */ = {isa = PBXFileReference; explicitFileType = wrapper.cfbundle; includeInIndex = 0; path = NewsApp_iOSTests.xctest; sourceTree = BUILT_PRODUCTS_DIR; };
		607FC7602D6AACF70009C0E0 /* NewsApp_iOSTests.swift */ = {isa = PBXFileReference; lastKnownFileType = sourcecode.swift; path = NewsApp_iOSTests.swift; sourceTree = "<group>"; };
		607FC7662D6AACF70009C0E0 /* NewsApp_iOSUITests.xctest */ = {isa = PBXFileReference; explicitFileType = wrapper.cfbundle; includeInIndex = 0; path = NewsApp_iOSUITests.xctest; sourceTree = BUILT_PRODUCTS_DIR; };
		607FC76A2D6AACF70009C0E0 /* NewsApp_iOSUITests.swift */ = {isa = PBXFileReference; lastKnownFileType = sourcecode.swift; path = NewsApp_iOSUITests.swift; sourceTree = "<group>"; };
		607FC76C2D6AACF70009C0E0 /* NewsApp_iOSUITestsLaunchTests.swift */ = {isa = PBXFileReference; lastKnownFileType = sourcecode.swift; path = NewsApp_iOSUITestsLaunchTests.swift; sourceTree = "<group>"; };
		607FC77E2D6AAF190009C0E0 /* NewsModel.swift */ = {isa = PBXFileReference; lastKnownFileType = sourcecode.swift; path = NewsModel.swift; sourceTree = "<group>"; };
		607FC7812D6AAF250009C0E0 /* NewsViewModel.swift */ = {isa = PBXFileReference; lastKnownFileType = sourcecode.swift; path = NewsViewModel.swift; sourceTree = "<group>"; };
		607FC7842D6AAF320009C0E0 /* NewsCell.swift */ = {isa = PBXFileReference; lastKnownFileType = sourcecode.swift; path = NewsCell.swift; sourceTree = "<group>"; };
		607FC7872D6AAF3D0009C0E0 /* ArticleDetailView.swift */ = {isa = PBXFileReference; lastKnownFileType = sourcecode.swift; path = ArticleDetailView.swift; sourceTree = "<group>"; };
		607FC78A2D6AAF4A0009C0E0 /* NewsService.swift */ = {isa = PBXFileReference; lastKnownFileType = sourcecode.swift; path = NewsService.swift; sourceTree = "<group>"; };
/* End PBXFileReference section */

/* Begin PBXFrameworksBuildPhase section */
		607FC7492D6AACF60009C0E0 /* Frameworks */ = {
			isa = PBXFrameworksBuildPhase;
			buildActionMask = 2147483647;
			files = (
			);
			runOnlyForDeploymentPostprocessing = 0;
		};
		607FC7592D6AACF70009C0E0 /* Frameworks */ = {
			isa = PBXFrameworksBuildPhase;
			buildActionMask = 2147483647;
			files = (
			);
			runOnlyForDeploymentPostprocessing = 0;
		};
		607FC7632D6AACF70009C0E0 /* Frameworks */ = {
			isa = PBXFrameworksBuildPhase;
			buildActionMask = 2147483647;
			files = (
			);
			runOnlyForDeploymentPostprocessing = 0;
		};
/* End PBXFrameworksBuildPhase section */

/* Begin PBXGroup section */
		607FC7432D6AACF60009C0E0 = {
			isa = PBXGroup;
			children = (
				607FC74E2D6AACF60009C0E0 /* NewsApp_iOS */,
				607FC75F2D6AACF70009C0E0 /* NewsApp_iOSTests */,
				607FC7692D6AACF70009C0E0 /* NewsApp_iOSUITests */,
				607FC74D2D6AACF60009C0E0 /* Products */,
			);
			sourceTree = "<group>";
		};
		607FC74D2D6AACF60009C0E0 /* Products */ = {
			isa = PBXGroup;
			children = (
				607FC74C2D6AACF60009C0E0 /* NewsApp_iOS.app */,
				607FC75C2D6AACF70009C0E0 /* NewsApp_iOSTests.xctest */,
				607FC7662D6AACF70009C0E0 /* NewsApp_iOSUITests.xctest */,
			);
			name = Products;
			sourceTree = "<group>";
		};
		607FC74E2D6AACF60009C0E0 /* NewsApp_iOS */ = {
			isa = PBXGroup;
			children = (
				607FC7792D6AAD8C0009C0E0 /* Models */,
				607FC77A2D6AAD960009C0E0 /* ViewModels */,
				607FC77B2D6AADAC0009C0E0 /* Views */,
				607FC77C2D6AADB70009C0E0 /* Service */,
				607FC77D2D6AADCE0009C0E0 /* Resources */,
				607FC74F2D6AACF60009C0E0 /* NewsApp_iOSApp.swift */,
				607FC7532D6AACF70009C0E0 /* Assets.xcassets */,
				607FC7552D6AACF70009C0E0 /* Preview Content */,
			);
			path = NewsApp_iOS;
			sourceTree = "<group>";
		};
		607FC7552D6AACF70009C0E0 /* Preview Content */ = {
			isa = PBXGroup;
			children = (
				607FC7562D6AACF70009C0E0 /* Preview Assets.xcassets */,
			);
			path = "Preview Content";
			sourceTree = "<group>";
		};
		607FC75F2D6AACF70009C0E0 /* NewsApp_iOSTests */ = {
			isa = PBXGroup;
			children = (
				607FC7602D6AACF70009C0E0 /* NewsApp_iOSTests.swift */,
			);
			path = NewsApp_iOSTests;
			sourceTree = "<group>";
		};
		607FC7692D6AACF70009C0E0 /* NewsApp_iOSUITests */ = {
			isa = PBXGroup;
			children = (
				607FC76A2D6AACF70009C0E0 /* NewsApp_iOSUITests.swift */,
				607FC76C2D6AACF70009C0E0 /* NewsApp_iOSUITestsLaunchTests.swift */,
			);
			path = NewsApp_iOSUITests;
			sourceTree = "<group>";
		};
		607FC7792D6AAD8C0009C0E0 /* Models */ = {
			isa = PBXGroup;
			children = (
				607FC77E2D6AAF190009C0E0 /* NewsModel.swift */,
			);
			path = Models;
			sourceTree = "<group>";
		};
		607FC77A2D6AAD960009C0E0 /* ViewModels */ = {
			isa = PBXGroup;
			children = (
				607FC7812D6AAF250009C0E0 /* NewsViewModel.swift */,
			);
			path = ViewModels;
			sourceTree = "<group>";
		};
		607FC77B2D6AADAC0009C0E0 /* Views */ = {
			isa = PBXGroup;
			children = (
				607FC7512D6AACF60009C0E0 /* ContentView.swift */,
				607FC7842D6AAF320009C0E0 /* NewsCell.swift */,
				607FC7872D6AAF3D0009C0E0 /* ArticleDetailView.swift */,
			);
			path = Views;
			sourceTree = "<group>";
		};
		607FC77C2D6AADB70009C0E0 /* Service */ = {
			isa = PBXGroup;
			children = (
				607FC78A2D6AAF4A0009C0E0 /* NewsService.swift */,
			);
			path = Service;
			sourceTree = "<group>";
		};
		607FC77D2D6AADCE0009C0E0 /* Resources */ = {
			isa = PBXGroup;
			children = (
			);
			path = Resources;
			sourceTree = "<group>";
		};
/* End PBXGroup section */

/* Begin PBXNativeTarget section */
		607FC74B2D6AACF60009C0E0 /* NewsApp_iOS */ = {
			isa = PBXNativeTarget;
			buildConfigurationList = 607FC7702D6AACF70009C0E0 /* Build configuration list for PBXNativeTarget "NewsApp_iOS" */;
			buildPhases = (
				607FC7482D6AACF60009C0E0 /* Sources */,
				607FC7492D6AACF60009C0E0 /* Frameworks */,
				607FC74A2D6AACF60009C0E0 /* Resources */,
			);
			buildRules = (
			);
			dependencies = (
			);
			name = NewsApp_iOS;
			productName = NewsApp_iOS;
			productReference = 607FC74C2D6AACF60009C0E0 /* NewsApp_iOS.app */;
			productType = "com.apple.product-type.application";
		};
		607FC75B2D6AACF70009C0E0 /* NewsApp_iOSTests */ = {
			isa = PBXNativeTarget;
			buildConfigurationList = 607FC7732D6AACF70009C0E0 /* Build configuration list for PBXNativeTarget "NewsApp_iOSTests" */;
			buildPhases = (
				607FC7582D6AACF70009C0E0 /* Sources */,
				607FC7592D6AACF70009C0E0 /* Frameworks */,
				607FC75A2D6AACF70009C0E0 /* Resources */,
			);
			buildRules = (
			);
			dependencies = (
				607FC75E2D6AACF70009C0E0 /* PBXTargetDependency */,
			);
			name = NewsApp_iOSTests;
			productName = NewsApp_iOSTests;
			productReference = 607FC75C2D6AACF70009C0E0 /* NewsApp_iOSTests.xctest */;
			productType = "com.apple.product-type.bundle.unit-test";
		};
		607FC7652D6AACF70009C0E0 /* NewsApp_iOSUITests */ = {
			isa = PBXNativeTarget;
			buildConfigurationList = 607FC7762D6AACF70009C0E0 /* Build configuration list for PBXNativeTarget "NewsApp_iOSUITests" */;
			buildPhases = (
				607FC7622D6AACF70009C0E0 /* Sources */,
				607FC7632D6AACF70009C0E0 /* Frameworks */,
				607FC7642D6AACF70009C0E0 /* Resources */,
			);
			buildRules = (
			);
			dependencies = (
				607FC7682D6AACF70009C0E0 /* PBXTargetDependency */,
			);
			name = NewsApp_iOSUITests;
			productName = NewsApp_iOSUITests;
			productReference = 607FC7662D6AACF70009C0E0 /* NewsApp_iOSUITests.xctest */;
			productType = "com.apple.product-type.bundle.ui-testing";
		};
/* End PBXNativeTarget section */

/* Begin PBXProject section */
		607FC7442D6AACF60009C0E0 /* Project object */ = {
			isa = PBXProject;
			attributes = {
				BuildIndependentTargetsInParallel = 1;
				LastSwiftUpdateCheck = 1540;
				LastUpgradeCheck = 1540;
				TargetAttributes = {
					607FC74B2D6AACF60009C0E0 = {
						CreatedOnToolsVersion = 15.4;
					};
					607FC75B2D6AACF70009C0E0 = {
						CreatedOnToolsVersion = 15.4;
						TestTargetID = 607FC74B2D6AACF60009C0E0;
					};
					607FC7652D6AACF70009C0E0 = {
						CreatedOnToolsVersion = 15.4;
						TestTargetID = 607FC74B2D6AACF60009C0E0;
					};
				};
			};
			buildConfigurationList = 607FC7472D6AACF60009C0E0 /* Build configuration list for PBXProject "NewsApp_iOS" */;
			compatibilityVersion = "Xcode 14.0";
			developmentRegion = en;
			hasScannedForEncodings = 0;
			knownRegions = (
				en,
				Base,
			);
			mainGroup = 607FC7432D6AACF60009C0E0;
			productRefGroup = 607FC74D2D6AACF60009C0E0 /* Products */;
			projectDirPath = "";
			projectRoot = "";
			targets = (
				607FC74B2D6AACF60009C0E0 /* NewsApp_iOS */,
				607FC75B2D6AACF70009C0E0 /* NewsApp_iOSTests */,
				607FC7652D6AACF70009C0E0 /* NewsApp_iOSUITests */,
			);
		};
/* End PBXProject section */

/* Begin PBXResourcesBuildPhase section */
		607FC74A2D6AACF60009C0E0 /* Resources */ = {
			isa = PBXResourcesBuildPhase;
			buildActionMask = 2147483647;
			files = (
				607FC7572D6AACF70009C0E0 /* Preview Assets.xcassets in Resources */,
				607FC7542D6AACF70009C0E0 /* Assets.xcassets in Resources */,
			);
			runOnlyForDeploymentPostprocessing = 0;
		};
		607FC75A2D6AACF70009C0E0 /* Resources */ = {
			isa = PBXResourcesBuildPhase;
			buildActionMask = 2147483647;
			files = (
			);
			runOnlyForDeploymentPostprocessing = 0;
		};
		607FC7642D6AACF70009C0E0 /* Resources */ = {
			isa = PBXResourcesBuildPhase;
			buildActionMask = 2147483647;
			files = (
			);
			runOnlyForDeploymentPostprocessing = 0;
		};
/* End PBXResourcesBuildPhase section */

/* Begin PBXSourcesBuildPhase section */
		607FC7482D6AACF60009C0E0 /* Sources */ = {
			isa = PBXSourcesBuildPhase;
			buildActionMask = 2147483647;
			files = (
				607FC7882D6AAF3D0009C0E0 /* ArticleDetailView.swift in Sources */,
				607FC77F2D6AAF190009C0E0 /* NewsModel.swift in Sources */,
				607FC7522D6AACF60009C0E0 /* ContentView.swift in Sources */,
				607FC78B2D6AAF4A0009C0E0 /* NewsService.swift in Sources */,
				607FC7502D6AACF60009C0E0 /* NewsApp_iOSApp.swift in Sources */,
				607FC7822D6AAF250009C0E0 /* NewsViewModel.swift in Sources */,
				607FC7852D6AAF320009C0E0 /* NewsCell.swift in Sources */,
			);
			runOnlyForDeploymentPostprocessing = 0;
		};
		607FC7582D6AACF70009C0E0 /* Sources */ = {
			isa = PBXSourcesBuildPhase;
			buildActionMask = 2147483647;
			files = (
				607FC78C2D6AAF4A0009C0E0 /* NewsService.swift in Sources */,
				607FC7802D6AAF190009C0E0 /* NewsModel.swift in Sources */,
				607FC7832D6AAF250009C0E0 /* NewsViewModel.swift in Sources */,
				607FC7862D6AAF320009C0E0 /* NewsCell.swift in Sources */,
				607FC7892D6AAF3D0009C0E0 /* ArticleDetailView.swift in Sources */,
				607FC7612D6AACF70009C0E0 /* NewsApp_iOSTests.swift in Sources */,
			);
			runOnlyForDeploymentPostprocessing = 0;
		};
		607FC7622D6AACF70009C0E0 /* Sources */ = {
			isa = PBXSourcesBuildPhase;
			buildActionMask = 2147483647;
			files = (
				607FC76B2D6AACF70009C0E0 /* NewsApp_iOSUITests.swift in Sources */,
				607FC76D2D6AACF70009C0E0 /* NewsApp_iOSUITestsLaunchTests.swift in Sources */,
			);
			runOnlyForDeploymentPostprocessing = 0;
		};
/* End PBXSourcesBuildPhase section */

/* Begin PBXTargetDependency section */
		607FC75E2D6AACF70009C0E0 /* PBXTargetDependency */ = {
			isa = PBXTargetDependency;
			target = 607FC74B2D6AACF60009C0E0 /* NewsApp_iOS */;
			targetProxy = 607FC75D2D6AACF70009C0E0 /* PBXContainerItemProxy */;
		};
		607FC7682D6AACF70009C0E0 /* PBXTargetDependency */ = {
			isa = PBXTargetDependency;
			target = 607FC74B2D6AACF60009C0E0 /* NewsApp_iOS */;
			targetProxy = 607FC7672D6AACF70009C0E0 /* PBXContainerItemProxy */;
		};
/* End PBXTargetDependency section */

/* Begin XCBuildConfiguration section */
		607FC76E2D6AACF70009C0E0 /* Debug */ = {
			isa = XCBuildConfiguration;
			buildSettings = {
				ALWAYS_SEARCH_USER_PATHS = NO;
				ASSETCATALOG_COMPILER_GENERATE_SWIFT_ASSET_SYMBOL_EXTENSIONS = YES;
				CLANG_ANALYZER_NONNULL = YES;
				CLANG_ANALYZER_NUMBER_OBJECT_CONVERSION = YES_AGGRESSIVE;
				CLANG_CXX_LANGUAGE_STANDARD = "gnu++20";
				CLANG_ENABLE_MODULES = YES;
				CLANG_ENABLE_OBJC_ARC = YES;
				CLANG_ENABLE_OBJC_WEAK = YES;
				CLANG_WARN_BLOCK_CAPTURE_AUTORELEASING = YES;
				CLANG_WARN_BOOL_CONVERSION = YES;
				CLANG_WARN_COMMA = YES;
				CLANG_WARN_CONSTANT_CONVERSION = YES;
				CLANG_WARN_DEPRECATED_OBJC_IMPLEMENTATIONS = YES;
				CLANG_WARN_DIRECT_OBJC_ISA_USAGE = YES_ERROR;
				CLANG_WARN_DOCUMENTATION_COMMENTS = YES;
				CLANG_WARN_EMPTY_BODY = YES;
				CLANG_WARN_ENUM_CONVERSION = YES;
				CLANG_WARN_INFINITE_RECURSION = YES;
				CLANG_WARN_INT_CONVERSION = YES;
				CLANG_WARN_NON_LITERAL_NULL_CONVERSION = YES;
				CLANG_WARN_OBJC_IMPLICIT_RETAIN_SELF = YES;
				CLANG_WARN_OBJC_LITERAL_CONVERSION = YES;
				CLANG_WARN_OBJC_ROOT_CLASS = YES_ERROR;
				CLANG_WARN_QUOTED_INCLUDE_IN_FRAMEWORK_HEADER = YES;
				CLANG_WARN_RANGE_LOOP_ANALYSIS = YES;
				CLANG_WARN_STRICT_PROTOTYPES = YES;
				CLANG_WARN_SUSPICIOUS_MOVE = YES;
				CLANG_WARN_UNGUARDED_AVAILABILITY = YES_AGGRESSIVE;
				CLANG_WARN_UNREACHABLE_CODE = YES;
				CLANG_WARN__DUPLICATE_METHOD_MATCH = YES;
				COPY_PHASE_STRIP = NO;
				DEBUG_INFORMATION_FORMAT = dwarf;
				ENABLE_STRICT_OBJC_MSGSEND = YES;
				ENABLE_TESTABILITY = YES;
				ENABLE_USER_SCRIPT_SANDBOXING = YES;
				GCC_C_LANGUAGE_STANDARD = gnu17;
				GCC_DYNAMIC_NO_PIC = NO;
				GCC_NO_COMMON_BLOCKS = YES;
				GCC_OPTIMIZATION_LEVEL = 0;
				GCC_PREPROCESSOR_DEFINITIONS = (
					"DEBUG=1",
					"$(inherited)",
				);
				GCC_WARN_64_TO_32_BIT_CONVERSION = YES;
				GCC_WARN_ABOUT_RETURN_TYPE = YES_ERROR;
				GCC_WARN_UNDECLARED_SELECTOR = YES;
				GCC_WARN_UNINITIALIZED_AUTOS = YES_AGGRESSIVE;
				GCC_WARN_UNUSED_FUNCTION = YES;
				GCC_WARN_UNUSED_VARIABLE = YES;
				IPHONEOS_DEPLOYMENT_TARGET = 17.5;
				LOCALIZATION_PREFERS_STRING_CATALOGS = YES;
				MTL_ENABLE_DEBUG_INFO = INCLUDE_SOURCE;
				MTL_FAST_MATH = YES;
				ONLY_ACTIVE_ARCH = YES;
				SDKROOT = iphoneos;
				SWIFT_ACTIVE_COMPILATION_CONDITIONS = "DEBUG $(inherited)";
				SWIFT_OPTIMIZATION_LEVEL = "-Onone";
			};
			name = Debug;
		};
		607FC76F2D6AACF70009C0E0 /* Release */ = {
			isa = XCBuildConfiguration;
			buildSettings = {
				ALWAYS_SEARCH_USER_PATHS = NO;
				ASSETCATALOG_COMPILER_GENERATE_SWIFT_ASSET_SYMBOL_EXTENSIONS = YES;
				CLANG_ANALYZER_NONNULL = YES;
				CLANG_ANALYZER_NUMBER_OBJECT_CONVERSION = YES_AGGRESSIVE;
				CLANG_CXX_LANGUAGE_STANDARD = "gnu++20";
				CLANG_ENABLE_MODULES = YES;
				CLANG_ENABLE_OBJC_ARC = YES;
				CLANG_ENABLE_OBJC_WEAK = YES;
				CLANG_WARN_BLOCK_CAPTURE_AUTORELEASING = YES;
				CLANG_WARN_BOOL_CONVERSION = YES;
				CLANG_WARN_COMMA = YES;
				CLANG_WARN_CONSTANT_CONVERSION = YES;
				CLANG_WARN_DEPRECATED_OBJC_IMPLEMENTATIONS = YES;
				CLANG_WARN_DIRECT_OBJC_ISA_USAGE = YES_ERROR;
				CLANG_WARN_DOCUMENTATION_COMMENTS = YES;
				CLANG_WARN_EMPTY_BODY = YES;
				CLANG_WARN_ENUM_CONVERSION = YES;
				CLANG_WARN_INFINITE_RECURSION = YES;
				CLANG_WARN_INT_CONVERSION = YES;
				CLANG_WARN_NON_LITERAL_NULL_CONVERSION = YES;
				CLANG_WARN_OBJC_IMPLICIT_RETAIN_SELF = YES;
				CLANG_WARN_OBJC_LITERAL_CONVERSION = YES;
				CLANG_WARN_OBJC_ROOT_CLASS = YES_ERROR;
				CLANG_WARN_QUOTED_INCLUDE_IN_FRAMEWORK_HEADER = YES;
				CLANG_WARN_RANGE_LOOP_ANALYSIS = YES;
				CLANG_WARN_STRICT_PROTOTYPES = YES;
				CLANG_WARN_SUSPICIOUS_MOVE = YES;
				CLANG_WARN_UNGUARDED_AVAILABILITY = YES_AGGRESSIVE;
				CLANG_WARN_UNREACHABLE_CODE = YES;
				CLANG_WARN__DUPLICATE_METHOD_MATCH = YES;
				COPY_PHASE_STRIP = NO;
				DEBUG_INFORMATION_FORMAT = "dwarf-with-dsym";
				ENABLE_NS_ASSERTIONS = NO;
				ENABLE_STRICT_OBJC_MSGSEND = YES;
				ENABLE_USER_SCRIPT_SANDBOXING = YES;
				GCC_C_LANGUAGE_STANDARD = gnu17;
				GCC_NO_COMMON_BLOCKS = YES;
				GCC_WARN_64_TO_32_BIT_CONVERSION = YES;
				GCC_WARN_ABOUT_RETURN_TYPE = YES_ERROR;
				GCC_WARN_UNDECLARED_SELECTOR = YES;
				GCC_WARN_UNINITIALIZED_AUTOS = YES_AGGRESSIVE;
				GCC_WARN_UNUSED_FUNCTION = YES;
				GCC_WARN_UNUSED_VARIABLE = YES;
				IPHONEOS_DEPLOYMENT_TARGET = 17.5;
				LOCALIZATION_PREFERS_STRING_CATALOGS = YES;
				MTL_ENABLE_DEBUG_INFO = NO;
				MTL_FAST_MATH = YES;
				SDKROOT = iphoneos;
				SWIFT_COMPILATION_MODE = wholemodule;
				VALIDATE_PRODUCT = YES;
			};
			name = Release;
		};
		607FC7712D6AACF70009C0E0 /* Debug */ = {
			isa = XCBuildConfiguration;
			buildSettings = {
				ASSETCATALOG_COMPILER_APPICON_NAME = AppIcon;
				ASSETCATALOG_COMPILER_GLOBAL_ACCENT_COLOR_NAME = AccentColor;
				CODE_SIGN_STYLE = Automatic;
				CURRENT_PROJECT_VERSION = 1;
				DEVELOPMENT_ASSET_PATHS = "\"NewsApp_iOS/Preview Content\"";
				ENABLE_PREVIEWS = YES;
				GENERATE_INFOPLIST_FILE = YES;
				INFOPLIST_KEY_UIApplicationSceneManifest_Generation = YES;
				INFOPLIST_KEY_UIApplicationSupportsIndirectInputEvents = YES;
				INFOPLIST_KEY_UILaunchScreen_Generation = YES;
				INFOPLIST_KEY_UISupportedInterfaceOrientations_iPad = "UIInterfaceOrientationPortrait UIInterfaceOrientationPortraitUpsideDown UIInterfaceOrientationLandscapeLeft UIInterfaceOrientationLandscapeRight";
				INFOPLIST_KEY_UISupportedInterfaceOrientations_iPhone = "UIInterfaceOrientationPortrait UIInterfaceOrientationLandscapeLeft UIInterfaceOrientationLandscapeRight";
				LD_RUNPATH_SEARCH_PATHS = (
					"$(inherited)",
					"@executable_path/Frameworks",
				);
				MARKETING_VERSION = 1.0;
				PRODUCT_BUNDLE_IDENTIFIER = "com.league.ios.NewsApp-iOS";
				PRODUCT_NAME = "$(TARGET_NAME)";
				SWIFT_EMIT_LOC_STRINGS = YES;
				SWIFT_VERSION = 5.0;
				TARGETED_DEVICE_FAMILY = "1,2";
			};
			name = Debug;
		};
		607FC7722D6AACF70009C0E0 /* Release */ = {
			isa = XCBuildConfiguration;
			buildSettings = {
				ASSETCATALOG_COMPILER_APPICON_NAME = AppIcon;
				ASSETCATALOG_COMPILER_GLOBAL_ACCENT_COLOR_NAME = AccentColor;
				CODE_SIGN_STYLE = Automatic;
				CURRENT_PROJECT_VERSION = 1;
				DEVELOPMENT_ASSET_PATHS = "\"NewsApp_iOS/Preview Content\"";
				ENABLE_PREVIEWS = YES;
				GENERATE_INFOPLIST_FILE = YES;
				INFOPLIST_KEY_UIApplicationSceneManifest_Generation = YES;
				INFOPLIST_KEY_UIApplicationSupportsIndirectInputEvents = YES;
				INFOPLIST_KEY_UILaunchScreen_Generation = YES;
				INFOPLIST_KEY_UISupportedInterfaceOrientations_iPad = "UIInterfaceOrientationPortrait UIInterfaceOrientationPortraitUpsideDown UIInterfaceOrientationLandscapeLeft UIInterfaceOrientationLandscapeRight";
				INFOPLIST_KEY_UISupportedInterfaceOrientations_iPhone = "UIInterfaceOrientationPortrait UIInterfaceOrientationLandscapeLeft UIInterfaceOrientationLandscapeRight";
				LD_RUNPATH_SEARCH_PATHS = (
					"$(inherited)",
					"@executable_path/Frameworks",
				);
				MARKETING_VERSION = 1.0;
				PRODUCT_BUNDLE_IDENTIFIER = "com.league.ios.NewsApp-iOS";
				PRODUCT_NAME = "$(TARGET_NAME)";
				SWIFT_EMIT_LOC_STRINGS = YES;
				SWIFT_VERSION = 5.0;
				TARGETED_DEVICE_FAMILY = "1,2";
			};
			name = Release;
		};
		607FC7742D6AACF70009C0E0 /* Debug */ = {
			isa = XCBuildConfiguration;
			buildSettings = {
				ALWAYS_EMBED_SWIFT_STANDARD_LIBRARIES = YES;
				BUNDLE_LOADER = "$(TEST_HOST)";
				CODE_SIGN_STYLE = Automatic;
				CURRENT_PROJECT_VERSION = 1;
				GENERATE_INFOPLIST_FILE = YES;
				IPHONEOS_DEPLOYMENT_TARGET = 17.5;
				MARKETING_VERSION = 1.0;
				PRODUCT_BUNDLE_IDENTIFIER = "com.league.ios.NewsApp-iOSTests";
				PRODUCT_NAME = "$(TARGET_NAME)";
				SWIFT_EMIT_LOC_STRINGS = NO;
				SWIFT_VERSION = 5.0;
				TARGETED_DEVICE_FAMILY = "1,2";
				TEST_HOST = "$(BUILT_PRODUCTS_DIR)/NewsApp_iOS.app/$(BUNDLE_EXECUTABLE_FOLDER_PATH)/NewsApp_iOS";
			};
			name = Debug;
		};
		607FC7752D6AACF70009C0E0 /* Release */ = {
			isa = XCBuildConfiguration;
			buildSettings = {
				ALWAYS_EMBED_SWIFT_STANDARD_LIBRARIES = YES;
				BUNDLE_LOADER = "$(TEST_HOST)";
				CODE_SIGN_STYLE = Automatic;
				CURRENT_PROJECT_VERSION = 1;
				GENERATE_INFOPLIST_FILE = YES;
				IPHONEOS_DEPLOYMENT_TARGET = 17.5;
				MARKETING_VERSION = 1.0;
				PRODUCT_BUNDLE_IDENTIFIER = "com.league.ios.NewsApp-iOSTests";
				PRODUCT_NAME = "$(TARGET_NAME)";
				SWIFT_EMIT_LOC_STRINGS = NO;
				SWIFT_VERSION = 5.0;
				TARGETED_DEVICE_FAMILY = "1,2";
				TEST_HOST = "$(BUILT_PRODUCTS_DIR)/NewsApp_iOS.app/$(BUNDLE_EXECUTABLE_FOLDER_PATH)/NewsApp_iOS";
			};
			name = Release;
		};
		607FC7772D6AACF70009C0E0 /* Debug */ = {
			isa = XCBuildConfiguration;
			buildSettings = {
				ALWAYS_EMBED_SWIFT_STANDARD_LIBRARIES = YES;
				CODE_SIGN_STYLE = Automatic;
				CURRENT_PROJECT_VERSION = 1;
				GENERATE_INFOPLIST_FILE = YES;
				MARKETING_VERSION = 1.0;
				PRODUCT_BUNDLE_IDENTIFIER = "com.league.ios.NewsApp-iOSUITests";
				PRODUCT_NAME = "$(TARGET_NAME)";
				SWIFT_EMIT_LOC_STRINGS = NO;
				SWIFT_VERSION = 5.0;
				TARGETED_DEVICE_FAMILY = "1,2";
				TEST_TARGET_NAME = NewsApp_iOS;
			};
			name = Debug;
		};
		607FC7782D6AACF70009C0E0 /* Release */ = {
			isa = XCBuildConfiguration;
			buildSettings = {
				ALWAYS_EMBED_SWIFT_STANDARD_LIBRARIES = YES;
				CODE_SIGN_STYLE = Automatic;
				CURRENT_PROJECT_VERSION = 1;
				GENERATE_INFOPLIST_FILE = YES;
				MARKETING_VERSION = 1.0;
				PRODUCT_BUNDLE_IDENTIFIER = "com.league.ios.NewsApp-iOSUITests";
				PRODUCT_NAME = "$(TARGET_NAME)";
				SWIFT_EMIT_LOC_STRINGS = NO;
				SWIFT_VERSION = 5.0;
				TARGETED_DEVICE_FAMILY = "1,2";
				TEST_TARGET_NAME = NewsApp_iOS;
			};
			name = Release;
		};
/* End XCBuildConfiguration section */

/* Begin XCConfigurationList section */
		607FC7472D6AACF60009C0E0 /* Build configuration list for PBXProject "NewsApp_iOS" */ = {
			isa = XCConfigurationList;
			buildConfigurations = (
				607FC76E2D6AACF70009C0E0 /* Debug */,
				607FC76F2D6AACF70009C0E0 /* Release */,
			);
			defaultConfigurationIsVisible = 0;
			defaultConfigurationName = Release;
		};
		607FC7702D6AACF70009C0E0 /* Build configuration list for PBXNativeTarget "NewsApp_iOS" */ = {
			isa = XCConfigurationList;
			buildConfigurations = (
				607FC7712D6AACF70009C0E0 /* Debug */,
				607FC7722D6AACF70009C0E0 /* Release */,
			);
			defaultConfigurationIsVisible = 0;
			defaultConfigurationName = Release;
		};
		607FC7732D6AACF70009C0E0 /* Build configuration list for PBXNativeTarget "NewsApp_iOSTests" */ = {
			isa = XCConfigurationList;
			buildConfigurations = (
				607FC7742D6AACF70009C0E0 /* Debug */,
				607FC7752D6AACF70009C0E0 /* Release */,
			);
			defaultConfigurationIsVisible = 0;
			defaultConfigurationName = Release;
		};
		607FC7762D6AACF70009C0E0 /* Build configuration list for PBXNativeTarget "NewsApp_iOSUITests" */ = {
			isa = XCConfigurationList;
			buildConfigurations = (
				607FC7772D6AACF70009C0E0 /* Debug */,
				607FC7782D6AACF70009C0E0 /* Release */,
			);
			defaultConfigurationIsVisible = 0;
			defaultConfigurationName = Release;
		};
/* End XCConfigurationList section */
	};
	rootObject = 607FC7442D6AACF60009C0E0 /* Project object */;
}
